// !$*UTF8*$!
{
	archiveVersion = 1;
	classes = {
	};
	objectVersion = 56;
	objects = {

/* Begin PBXBuildFile section */
		3EBF9F3C7F32FB1D6246FC3E /* ContentView.swift in Sources */ = {isa = PBXBuildFile; fileRef = 0586095638A0F6A8D23A7F16 /* ContentView.swift */; };
		6F39392A1005CCB7E7B9CD93 /* PlaceCardsApp.swift in Sources */ = {isa = PBXBuildFile; fileRef = AE01FEFE9A9B6E63A9E38677 /* PlaceCardsApp.swift */; };
		6D9EF9A1518470F76DA6A792 /* PlaceCard.swift in Sources */ = {isa = PBXBuildFile; fileRef = 79768A1E8BB24A016C492201 /* PlaceCard.swift */; };
		F31435B9A6398334A938BFF6 /* Assets.xcassets in Resources */ = {isa = PBXBuildFile; fileRef = DED89A8130DBE7BEDB7515F4 /* Assets.xcassets */; };
		678E62647DC63687E5F3D36E /* Preview Assets.xcassets in Resources */ = {isa = PBXBuildFile; fileRef = A1FF32339845F11B69AE441B /* Preview Assets.xcassets */; };
		DFCAC6BDCDC8BB0716E42C58 /* MediaModels.swift in Sources */ = {isa = PBXBuildFile; fileRef = FC0798C7624D4EB0FCD7FF84 /* MediaModels.swift */; };
		6053CAB58E1C97BA193319B3 /* SourceModels.swift in Sources */ = {isa = PBXBuildFile; fileRef = 73BB0719390F96903381BE05 /* SourceModels.swift */; };
		C3406DD13ECA47C58C88ADD0 /* KeychainService.swift in Sources */ = {isa = PBXBuildFile; fileRef = AB40EA8146D813B5C75EF349 /* KeychainService.swift */; };
		CCC680FA33BDBF5F6DB8BD49 /* StorageService.swift in Sources */ = {isa = PBXBuildFile; fileRef = F4471C1134E3C0AE75A943A9 /* StorageService.swift */; };
		7887C1C9178ABED6AFF9E51A /* MediaStore.swift in Sources */ = {isa = PBXBuildFile; fileRef = FB7B3336DBCBFE8321EE4F85 /* MediaStore.swift */; };
		404E194DDA73796570A42772 /* PlaceSearchService.swift in Sources */ = {isa = PBXBuildFile; fileRef = 3116C7D60BEF706F915085B8 /* PlaceSearchService.swift */; };
		F0AD4DB9EBE9F0198DC3AF85 /* NaverProxyService.swift in Sources */ = {isa = PBXBuildFile; fileRef = 8BD9FD583ACC58A99EE9677B /* NaverProxyService.swift */; };
		5BE90970A2B6B311A437C394 /* AIProvider.swift in Sources */ = {isa = PBXBuildFile; fileRef = A292915AAE28BAB7E1F58622 /* AIProvider.swift */; };
		106636699A667B5CEEE9A1CA /* PlaceCardsError.swift in Sources */ = {isa = PBXBuildFile; fileRef = B4A4FAE3C761D47BC7BDCFC2 /* PlaceCardsError.swift */; };
		DCC2EE6496283552FC792620 /* SettingsViewModel.swift in Sources */ = {isa = PBXBuildFile; fileRef = 113089F6849C738C1EA5C244 /* SettingsViewModel.swift */; };
		EB80FD51C5AD09B8635D0577 /* PlaceCardViewModel.swift in Sources */ = {isa = PBXBuildFile; fileRef = 4C3D2059C9496FBD3A2694EE /* PlaceCardViewModel.swift */; };
		46DE050DF56894EEE0BEB7F3 /* GalleryViewModel.swift in Sources */ = {isa = PBXBuildFile; fileRef = 88E23434098279CA4EF3B5D4 /* GalleryViewModel.swift */; };
		3AF04ED5E61B5C1AAE5308CF /* MapViewModel.swift in Sources */ = {isa = PBXBuildFile; fileRef = 5961F8F584D707BF62B89A83 /* MapViewModel.swift */; };
		C041449E7C0D57918BF681D0 /* OnboardingView.swift in Sources */ = {isa = PBXBuildFile; fileRef = 82DF0DA60DBBFC46C18127A0 /* OnboardingView.swift */; };
		3BA59F1AC6309AD6D5A986D8 /* MainTabView.swift in Sources */ = {isa = PBXBuildFile; fileRef = AE9195A8E681FB51400A3DB6 /* MainTabView.swift */; };
		E86AB6F3113DB603FA6F5A6B /* HomeView.swift in Sources */ = {isa = PBXBuildFile; fileRef = 98E00E0CC8D64A894A3EA6AB /* HomeView.swift */; };
		AE9527147CA14470FC1EABDA /* GalleryView.swift in Sources */ = {isa = PBXBuildFile; fileRef = 778A14BCCA1249F619055685 /* GalleryView.swift */; };
		03056251302B06AA9B889BF1 /* PlacesMapView.swift in Sources */ = {isa = PBXBuildFile; fileRef = D94DFE07EC36E69E89F46838 /* PlacesMapView.swift */; };
		DB29528D8E73BF54AD5CD27F /* SettingsView.swift in Sources */ = {isa = PBXBuildFile; fileRef = D653EFB11B5C301823C1537D /* SettingsView.swift */; };
		B9FDE4568429F8DA72F21DE4 /* AddPlaceCardView.swift in Sources */ = {isa = PBXBuildFile; fileRef = BEB68110D01336958AFF00A2 /* AddPlaceCardView.swift */; };
		399D8B1FE40645CA818BCCE6 /* PlaceCardDetailView.swift in Sources */ = {isa = PBXBuildFile; fileRef = 28732237551808CD8B7EE6F7 /* PlaceCardDetailView.swift */; };
		55A589DB25C70EF736B2A979 /* LinkMetadataFetcher.swift in Sources */ = {isa = PBXBuildFile; fileRef = 06AFCF5C8D9B6F9363EAD4E5 /* LinkMetadataFetcher.swift */; };
		B41E418C1D9CEC3EC98CCADB /* SharedLinkParser.swift in Sources */ = {isa = PBXBuildFile; fileRef = F4C9BA465AB6FD5074AB6DD6 /* SharedLinkParser.swift */; };
/* End PBXBuildFile section */

/* Begin PBXFileReference section */
		0B1B2AA6A3716971A5B9BFAB /* PlaceCards.app */ = {isa = PBXFileReference; explicitFileType = wrapper.application; includeInIndex = 0; path = PlaceCards.app; sourceTree = BUILT_PRODUCTS_DIR; };
		AE01FEFE9A9B6E63A9E38677 /* PlaceCardsApp.swift */ = {isa = PBXFileReference; lastKnownFileType = sourcecode.swift; path = PlaceCardsApp.swift; sourceTree = "<group>"; };
		0586095638A0F6A8D23A7F16 /* ContentView.swift */ = {isa = PBXFileReference; lastKnownFileType = sourcecode.swift; path = ContentView.swift; sourceTree = "<group>"; };
		79768A1E8BB24A016C492201 /* PlaceCard.swift */ = {isa = PBXFileReference; lastKnownFileType = sourcecode.swift; path = PlaceCard.swift; sourceTree = "<group>"; };
		DED89A8130DBE7BEDB7515F4 /* Assets.xcassets */ = {isa = PBXFileReference; lastKnownFileType = folder.assetcatalog; path = Assets.xcassets; sourceTree = "<group>"; };
		A1FF32339845F11B69AE441B /* Preview Assets.xcassets */ = {isa = PBXFileReference; lastKnownFileType = folder.assetcatalog; path = "Preview Assets.xcassets"; sourceTree = "<group>"; };
		FC0798C7624D4EB0FCD7FF84 /* MediaModels.swift */ = {isa = PBXFileReference; lastKnownFileType = sourcecode.swift; path = MediaModels.swift; sourceTree = "<group>"; };
		73BB0719390F96903381BE05 /* SourceModels.swift */ = {isa = PBXFileReference; lastKnownFileType = sourcecode.swift; path = SourceModels.swift; sourceTree = "<group>"; };
		AB40EA8146D813B5C75EF349 /* KeychainService.swift */ = {isa = PBXFileReference; lastKnownFileType = sourcecode.swift; path = KeychainService.swift; sourceTree = "<group>"; };
		F4471C1134E3C0AE75A943A9 /* StorageService.swift */ = {isa = PBXFileReference; lastKnownFileType = sourcecode.swift; path = StorageService.swift; sourceTree = "<group>"; };
		FB7B3336DBCBFE8321EE4F85 /* MediaStore.swift */ = {isa = PBXFileReference; lastKnownFileType = sourcecode.swift; path = MediaStore.swift; sourceTree = "<group>"; };
		3116C7D60BEF706F915085B8 /* PlaceSearchService.swift */ = {isa = PBXFileReference; lastKnownFileType = sourcecode.swift; path = PlaceSearchService.swift; sourceTree = "<group>"; };
		8BD9FD583ACC58A99EE9677B /* NaverProxyService.swift */ = {isa = PBXFileReference; lastKnownFileType = sourcecode.swift; path = NaverProxyService.swift; sourceTree = "<group>"; };
		A292915AAE28BAB7E1F58622 /* AIProvider.swift */ = {isa = PBXFileReference; lastKnownFileType = sourcecode.swift; path = AIProvider.swift; sourceTree = "<group>"; };
		B4A4FAE3C761D47BC7BDCFC2 /* PlaceCardsError.swift */ = {isa = PBXFileReference; lastKnownFileType = sourcecode.swift; path = PlaceCardsError.swift; sourceTree = "<group>"; };
		113089F6849C738C1EA5C244 /* SettingsViewModel.swift */ = {isa = PBXFileReference; lastKnownFileType = sourcecode.swift; path = SettingsViewModel.swift; sourceTree = "<group>"; };
		4C3D2059C9496FBD3A2694EE /* PlaceCardViewModel.swift */ = {isa = PBXFileReference; lastKnownFileType = sourcecode.swift; path = PlaceCardViewModel.swift; sourceTree = "<group>"; };
		88E23434098279CA4EF3B5D4 /* GalleryViewModel.swift */ = {isa = PBXFileReference; lastKnownFileType = sourcecode.swift; path = GalleryViewModel.swift; sourceTree = "<group>"; };
		5961F8F584D707BF62B89A83 /* MapViewModel.swift */ = {isa = PBXFileReference; lastKnownFileType = sourcecode.swift; path = MapViewModel.swift; sourceTree = "<group>"; };
		82DF0DA60DBBFC46C18127A0 /* OnboardingView.swift */ = {isa = PBXFileReference; lastKnownFileType = sourcecode.swift; path = OnboardingView.swift; sourceTree = "<group>"; };
		AE9195A8E681FB51400A3DB6 /* MainTabView.swift */ = {isa = PBXFileReference; lastKnownFileType = sourcecode.swift; path = MainTabView.swift; sourceTree = "<group>"; };
		98E00E0CC8D64A894A3EA6AB /* HomeView.swift */ = {isa = PBXFileReference; lastKnownFileType = sourcecode.swift; path = HomeView.swift; sourceTree = "<group>"; };
		778A14BCCA1249F619055685 /* GalleryView.swift */ = {isa = PBXFileReference; lastKnownFileType = sourcecode.swift; path = GalleryView.swift; sourceTree = "<group>"; };
		D94DFE07EC36E69E89F46838 /* PlacesMapView.swift */ = {isa = PBXFileReference; lastKnownFileType = sourcecode.swift; path = PlacesMapView.swift; sourceTree = "<group>"; };
		D653EFB11B5C301823C1537D /* SettingsView.swift */ = {isa = PBXFileReference; lastKnownFileType = sourcecode.swift; path = SettingsView.swift; sourceTree = "<group>"; };
		BEB68110D01336958AFF00A2 /* AddPlaceCardView.swift */ = {isa = PBXFileReference; lastKnownFileType = sourcecode.swift; path = AddPlaceCardView.swift; sourceTree = "<group>"; };
		28732237551808CD8B7EE6F7 /* PlaceCardDetailView.swift */ = {isa = PBXFileReference; lastKnownFileType = sourcecode.swift; path = PlaceCardDetailView.swift; sourceTree = "<group>"; };
		06AFCF5C8D9B6F9363EAD4E5 /* LinkMetadataFetcher.swift */ = {isa = PBXFileReference; lastKnownFileType = sourcecode.swift; path = LinkMetadataFetcher.swift; sourceTree = "<group>"; };
		F4C9BA465AB6FD5074AB6DD6 /* SharedLinkParser.swift */ = {isa = PBXFileReference; lastKnownFileType = sourcecode.swift; path = SharedLinkParser.swift; sourceTree = "<group>"; };
/* End PBXFileReference section */

/* Begin PBXFrameworksBuildPhase section */
		6525013EF4D8E9E600B07801 /* Frameworks */ = {
			isa = PBXFrameworksBuildPhase;
			buildActionMask = 2147483647;
			files = (
			);
			runOnlyForDeploymentPostprocessing = 0;
		};
/* End PBXFrameworksBuildPhase section */

/* Begin PBXGroup section */
		BFC6802B5F71996175C6CDCF = {
			isa = PBXGroup;
			children = (
				BDB1C90C94805EBA32F19716 /* PlaceCards */,
				3C6A7DCEDD075B2A871C4221 /* Products */,
			);
			sourceTree = "<group>";
		};
		3C6A7DCEDD075B2A871C4221 /* Products */ = {
			isa = PBXGroup;
			children = (
				0B1B2AA6A3716971A5B9BFAB /* PlaceCards.app */,
			);
			name = Products;
			sourceTree = "<group>";
		};
		BDB1C90C94805EBA32F19716 /* PlaceCards */ = {
			isa = PBXGroup;
			children = (
				AE01FEFE9A9B6E63A9E38677 /* PlaceCardsApp.swift */,
				0586095638A0F6A8D23A7F16 /* ContentView.swift */,
				46CC8B32F254BDD252E6E91B /* Models */,
				8CC3C94618BBA43C1ED738AF /* Services */,
				7D0603F356C3436C6C25DCEA /* ViewModels */,
				F40848A416CB8A063C5AA100 /* Views */,
				DED89A8130DBE7BEDB7515F4 /* Assets.xcassets */,
				8B2D5EE63E6D606B3C06F3D2 /* Preview Content */,
			);
			path = PlaceCards;
			sourceTree = "<group>";
		};
		46CC8B32F254BDD252E6E91B /* Models */ = {
			isa = PBXGroup;
			children = (
				79768A1E8BB24A016C492201 /* PlaceCard.swift */,
				FC0798C7624D4EB0FCD7FF84 /* MediaModels.swift */,
				73BB0719390F96903381BE05 /* SourceModels.swift */,
			);
			path = Models;
			sourceTree = "<group>";
		};
		8CC3C94618BBA43C1ED738AF /* Services */ = {
			isa = PBXGroup;
			children = (
				AB40EA8146D813B5C75EF349 /* KeychainService.swift */,
				F4471C1134E3C0AE75A943A9 /* StorageService.swift */,
				FB7B3336DBCBFE8321EE4F85 /* MediaStore.swift */,
				3116C7D60BEF706F915085B8 /* PlaceSearchService.swift */,
				8BD9FD583ACC58A99EE9677B /* NaverProxyService.swift */,
				A292915AAE28BAB7E1F58622 /* AIProvider.swift */,
				B4A4FAE3C761D47BC7BDCFC2 /* PlaceCardsError.swift */,
				06AFCF5C8D9B6F9363EAD4E5 /* LinkMetadataFetcher.swift */,
				F4C9BA465AB6FD5074AB6DD6 /* SharedLinkParser.swift */,
			);
			path = Services;
			sourceTree = "<group>";
		};
		7D0603F356C3436C6C25DCEA /* ViewModels */ = {
			isa = PBXGroup;
			children = (
				113089F6849C738C1EA5C244 /* SettingsViewModel.swift */,
				4C3D2059C9496FBD3A2694EE /* PlaceCardViewModel.swift */,
				88E23434098279CA4EF3B5D4 /* GalleryViewModel.swift */,
				5961F8F584D707BF62B89A83 /* MapViewModel.swift */,
			);
			path = ViewModels;
			sourceTree = "<group>";
		};
		F40848A416CB8A063C5AA100 /* Views */ = {
			isa = PBXGroup;
			children = (
				82DF0DA60DBBFC46C18127A0 /* OnboardingView.swift */,
				AE9195A8E681FB51400A3DB6 /* MainTabView.swift */,
				98E00E0CC8D64A894A3EA6AB /* HomeView.swift */,
				778A14BCCA1249F619055685 /* GalleryView.swift */,
				D94DFE07EC36E69E89F46838 /* PlacesMapView.swift */,
				D653EFB11B5C301823C1537D /* SettingsView.swift */,
				BEB68110D01336958AFF00A2 /* AddPlaceCardView.swift */,
				28732237551808CD8B7EE6F7 /* PlaceCardDetailView.swift */,
			);
			path = Views;
			sourceTree = "<group>";
		};
		8B2D5EE63E6D606B3C06F3D2 /* Preview Content */ = {
			isa = PBXGroup;
			children = (
				A1FF32339845F11B69AE441B /* Preview Assets.xcassets */,
			);
			path = "Preview Content";
			sourceTree = "<group>";
		};
/* End PBXGroup section */

/* Begin PBXNativeTarget section */
		111F8CC97EA275AFF7FC0998 /* PlaceCards */ = {
			isa = PBXNativeTarget;
			buildConfigurationList = 45A0420C93260F97B6773088 /* Build configuration list for PBXNativeTarget "PlaceCards" */;
			buildPhases = (
				B72C61E33A21A6AB87165AA8 /* Sources */,
				6525013EF4D8E9E600B07801 /* Frameworks */,
				28F500E9AE47E36EE29847F4 /* Resources */,
			);
			buildRules = (
			);
			dependencies = (
			);
			name = PlaceCards;
			productName = PlaceCards;
			productReference = 0B1B2AA6A3716971A5B9BFAB /* PlaceCards.app */;
			productType = "com.apple.product-type.application";
		};
/* End PBXNativeTarget section */

/* Begin PBXProject section */
		F57F2C7044D210C459559737 /* Project object */ = {
			isa = PBXProject;
			attributes = {
				BuildIndependentTargetsInParallel = 1;
				LastSwiftUpdateCheck = 1600;
				LastUpgradeCheck = 1600;
				TargetAttributes = {
					111F8CC97EA275AFF7FC0998 /* PlaceCards */ = {
						CreatedOnToolsVersion = 16.0;
					};
				};
			};
			buildConfigurationList = 9DBBDF6DED3C8198CA235E77 /* Build configuration list for PBXProject "PlaceCards" */;
			compatibilityVersion = "Xcode 14.0";
			developmentRegion = en;
			hasScannedForEncodings = 0;
			knownRegions = (
				en,
				Base,
				ko,
			);
			mainGroup = BFC6802B5F71996175C6CDCF;
			productRefGroup = 3C6A7DCEDD075B2A871C4221 /* Products */;
			projectDirPath = "";
			projectRoot = "";
			targets = (
				111F8CC97EA275AFF7FC0998 /* PlaceCards */,
			);
		};
/* End PBXProject section */

/* Begin PBXResourcesBuildPhase section */
		28F500E9AE47E36EE29847F4 /* Resources */ = {
			isa = PBXResourcesBuildPhase;
			buildActionMask = 2147483647;
			files = (
				F31435B9A6398334A938BFF6 /* Assets.xcassets in Resources */,
				678E62647DC63687E5F3D36E /* Preview Assets.xcassets in Resources */,
			);
			runOnlyForDeploymentPostprocessing = 0;
		};
/* End PBXResourcesBuildPhase section */

/* Begin PBXSourcesBuildPhase section */
		B72C61E33A21A6AB87165AA8 /* Sources */ = {
			isa = PBXSourcesBuildPhase;
			buildActionMask = 2147483647;
			files = (
				6F39392A1005CCB7E7B9CD93 /* PlaceCardsApp.swift in Sources */,
				3EBF9F3C7F32FB1D6246FC3E /* ContentView.swift in Sources */,
				6D9EF9A1518470F76DA6A792 /* PlaceCard.swift in Sources */,
				DFCAC6BDCDC8BB0716E42C58 /* MediaModels.swift in Sources */,
				6053CAB58E1C97BA193319B3 /* SourceModels.swift in Sources */,
				C3406DD13ECA47C58C88ADD0 /* KeychainService.swift in Sources */,
				CCC680FA33BDBF5F6DB8BD49 /* StorageService.swift in Sources */,
				7887C1C9178ABED6AFF9E51A /* MediaStore.swift in Sources */,
				404E194DDA73796570A42772 /* PlaceSearchService.swift in Sources */,
				F0AD4DB9EBE9F0198DC3AF85 /* NaverProxyService.swift in Sources */,
				5BE90970A2B6B311A437C394 /* AIProvider.swift in Sources */,
				106636699A667B5CEEE9A1CA /* PlaceCardsError.swift in Sources */,
				DCC2EE6496283552FC792620 /* SettingsViewModel.swift in Sources */,
				EB80FD51C5AD09B8635D0577 /* PlaceCardViewModel.swift in Sources */,
				46DE050DF56894EEE0BEB7F3 /* GalleryViewModel.swift in Sources */,
				3AF04ED5E61B5C1AAE5308CF /* MapViewModel.swift in Sources */,
				C041449E7C0D57918BF681D0 /* OnboardingView.swift in Sources */,
				3BA59F1AC6309AD6D5A986D8 /* MainTabView.swift in Sources */,
				E86AB6F3113DB603FA6F5A6B /* HomeView.swift in Sources */,
				AE9527147CA14470FC1EABDA /* GalleryView.swift in Sources */,
				03056251302B06AA9B889BF1 /* PlacesMapView.swift in Sources */,
				DB29528D8E73BF54AD5CD27F /* SettingsView.swift in Sources */,
				B9FDE4568429F8DA72F21DE4 /* AddPlaceCardView.swift in Sources */,
				399D8B1FE40645CA818BCCE6 /* PlaceCardDetailView.swift in Sources */,
				55A589DB25C70EF736B2A979 /* LinkMetadataFetcher.swift in Sources */,
				B41E418C1D9CEC3EC98CCADB /* SharedLinkParser.swift in Sources */,
			);
			runOnlyForDeploymentPostprocessing = 0;
		};
/* End PBXSourcesBuildPhase section */

/* Begin XCBuildConfiguration section */
		1C58F8E93B8CF4FA58FC924A /* Debug */ = {
			isa = XCBuildConfiguration;
			buildSettings = {
				ALWAYS_SEARCH_USER_PATHS = NO;
				ASSETCATALOG_COMPILER_GENERATE_SWIFT_ASSET_SYMBOL_EXTENSIONS = YES;
				CLANG_ANALYZER_NONNULL = YES;
				CLANG_ANALYZER_NUMBER_OBJECT_CONVERSION = YES_AGGRESSIVE;
				CLANG_CXX_LANGUAGE_STANDARD = "gnu++20";
				CLANG_ENABLE_MODULES = YES;
				CLANG_ENABLE_OBJC_ARC = YES;
				CLANG_ENABLE_OBJC_WEAK = YES;
				CLANG_WARN_BLOCK_CAPTURE_AUTORELEASING_PROBLEM = YES;
				CLANG_WARN_BOOL_CONVERSION = YES;
				CLANG_WARN_COMMA = YES;
				CLANG_WARN_CONSTANT_CONVERSION = YES;
				CLANG_WARN_DEPRECATED_OBJC_IMPLEMENTATIONS = YES;
				CLANG_WARN_DIRECT_OBJC_ISA_USAGE = YES_ERROR;
				CLANG_WARN_DOCUMENTATION_COMMENTS = YES;
				CLANG_WARN_EMPTY_BODY = YES;
				CLANG_WARN_ENUM_CONVERSION = YES;
				CLANG_WARN_INFINITE_RECURSION = YES;
				CLANG_WARN_INT_CONVERSION = YES;
				CLANG_WARN_NON_LITERAL_NULL_CONVERSION = YES;
				CLANG_WARN_OBJC_IMPLICIT_RETAIN_SELF = YES;
				CLANG_WARN_OBJC_LITERAL_CONVERSION = YES;
				CLANG_WARN_OBJC_ROOT_CLASS = YES_ERROR;
				CLANG_WARN_QUOTED_INCLUDE_IN_FRAMEWORK_HEADER = YES;
				CLANG_WARN_RANGE_LOOP_ANALYSIS = YES;
				CLANG_WARN_STRICT_PROTOTYPES = YES;
				CLANG_WARN_SUSPICIOUS_MOVE = YES;
				CLANG_WARN_UNGUARDED_AVAILABILITY = YES_AGGRESSIVE;
				CLANG_WARN_UNREACHABLE_CODE = YES;
				CLANG_WARN__DUPLICATE_METHOD_MATCH = YES;
				COPY_PHASE_STRIP = NO;
				DEBUG_INFORMATION_FORMAT = dwarf;
				ENABLE_STRICT_OBJC_MSGSEND = YES;
				ENABLE_TESTABILITY = YES;
				ENABLE_USER_SCRIPT_SANDBOXING = YES;
				GCC_C_LANGUAGE_STANDARD = gnu17;
				GCC_DYNAMIC_NO_PIC = NO;
				GCC_NO_COMMON_BLOCKS = YES;
				GCC_OPTIMIZATION_LEVEL = 0;
				GCC_PREPROCESSOR_DEFINITIONS = (
					"DEBUG=1",
					"$(inherited)",
				);
				GCC_WARN_64_TO_32_BIT_CONVERSION = YES;
				GCC_WARN_ABOUT_RETURN_TYPE = YES_ERROR;
				GCC_WARN_UNDECLARED_SELECTOR = YES;
				GCC_WARN_UNINITIALIZED_AUTOS = YES_AGGRESSIVE;
				GCC_WARN_UNUSED_FUNCTION = YES;
				GCC_WARN_UNUSED_VARIABLE = YES;
				IPHONEOS_DEPLOYMENT_TARGET = 17.0;
				LOCALIZATION_PREFERS_STRING_CATALOGS = YES;
				MTL_ENABLE_DEBUG_INFO = INCLUDE_SOURCE;
				MTL_FAST_MATH = YES;
				ONLY_ACTIVE_ARCH = YES;
				SDKROOT = iphoneos;
				SWIFT_ACTIVE_COMPILATION_CONDITIONS = "DEBUG $(inherited)";
				SWIFT_OPTIMIZATION_LEVEL = "-Onone";
				SWIFT_VERSION = 5.0;
			};
			name = Debug;
		};
		60025777A09B0E3E161546F9 /* Release */ = {
			isa = XCBuildConfiguration;
			buildSettings = {
				ALWAYS_SEARCH_USER_PATHS = NO;
				ASSETCATALOG_COMPILER_GENERATE_SWIFT_ASSET_SYMBOL_EXTENSIONS = YES;
				CLANG_ANALYZER_NONNULL = YES;
				CLANG_ANALYZER_NUMBER_OBJECT_CONVERSION = YES_AGGRESSIVE;
				CLANG_CXX_LANGUAGE_STANDARD = "gnu++20";
				CLANG_ENABLE_MODULES = YES;
				CLANG_ENABLE_OBJC_ARC = YES;
				CLANG_ENABLE_OBJC_WEAK = YES;
				CLANG_WARN_BLOCK_CAPTURE_AUTORELEASING_PROBLEM = YES;
				CLANG_WARN_BOOL_CONVERSION = YES;
				CLANG_WARN_COMMA = YES;
				CLANG_WARN_CONSTANT_CONVERSION = YES;
				CLANG_WARN_DEPRECATED_OBJC_IMPLEMENTATIONS = YES;
				CLANG_WARN_DIRECT_OBJC_ISA_USAGE = YES_ERROR;
				CLANG_WARN_DOCUMENTATION_COMMENTS = YES;
				CLANG_WARN_EMPTY_BODY = YES;
				CLANG_WARN_ENUM_CONVERSION = YES;
				CLANG_WARN_INFINITE_RECURSION = YES;
				CLANG_WARN_INT_CONVERSION = YES;
				CLANG_WARN_NON_LITERAL_NULL_CONVERSION = YES;
				CLANG_WARN_OBJC_IMPLICIT_RETAIN_SELF = YES;
				CLANG_WARN_OBJC_LITERAL_CONVERSION = YES;
				CLANG_WARN_OBJC_ROOT_CLASS = YES_ERROR;
				CLANG_WARN_QUOTED_INCLUDE_IN_FRAMEWORK_HEADER = YES;
				CLANG_WARN_RANGE_LOOP_ANALYSIS = YES;
				CLANG_WARN_STRICT_PROTOTYPES = YES;
				CLANG_WARN_SUSPICIOUS_MOVE = YES;
				CLANG_WARN_UNGUARDED_AVAILABILITY = YES_AGGRESSIVE;
				CLANG_WARN_UNREACHABLE_CODE = YES;
				CLANG_WARN__DUPLICATE_METHOD_MATCH = YES;
				COPY_PHASE_STRIP = NO;
				DEBUG_INFORMATION_FORMAT = "dwarf-with-dsym";
				ENABLE_NS_ASSERTIONS = NO;
				ENABLE_STRICT_OBJC_MSGSEND = YES;
				ENABLE_USER_SCRIPT_SANDBOXING = YES;
				GCC_C_LANGUAGE_STANDARD = gnu17;
				GCC_NO_COMMON_BLOCKS = YES;
				GCC_WARN_64_TO_32_BIT_CONVERSION = YES;
				GCC_WARN_ABOUT_RETURN_TYPE = YES_ERROR;
				GCC_WARN_UNDECLARED_SELECTOR = YES;
				GCC_WARN_UNINITIALIZED_AUTOS = YES_AGGRESSIVE;
				GCC_WARN_UNUSED_FUNCTION = YES;
				GCC_WARN_UNUSED_VARIABLE = YES;
				IPHONEOS_DEPLOYMENT_TARGET = 17.0;
				LOCALIZATION_PREFERS_STRING_CATALOGS = YES;
				MTL_ENABLE_DEBUG_INFO = NO;
				MTL_FAST_MATH = YES;
				SDKROOT = iphoneos;
				SWIFT_COMPILATION_MODE = wholemodule;
				SWIFT_VERSION = 5.0;
				VALIDATE_PRODUCT = YES;
			};
			name = Release;
		};
		4C4EF000386BD8D4AE266E5B /* Debug */ = {
			isa = XCBuildConfiguration;
			buildSettings = {
				ASSETCATALOG_COMPILER_APPICON_NAME = AppIcon;
				ASSETCATALOG_COMPILER_GLOBAL_ACCENT_COLOR_NAME = AccentColor;
				CODE_SIGN_STYLE = Automatic;
				CURRENT_PROJECT_VERSION = 1;
				DEVELOPMENT_ASSET_PATHS = "\"PlaceCards/Preview Content\"";
				ENABLE_PREVIEWS = YES;
				GENERATE_INFOPLIST_FILE = YES;
				INFOPLIST_KEY_CFBundleDisplayName = PlaceCards;
				INFOPLIST_KEY_UIApplicationSceneManifest_Generation = YES;
				INFOPLIST_KEY_UIApplicationSupportsIndirectInputEvents = YES;
				INFOPLIST_KEY_UILaunchScreen_Generation = YES;
				INFOPLIST_KEY_UISupportedInterfaceOrientations = "UIInterfaceOrientationPortrait UIInterfaceOrientationLandscapeLeft UIInterfaceOrientationLandscapeRight";
				INFOPLIST_KEY_UISupportedInterfaceOrientations_iPad = "UIInterfaceOrientationPortrait UIInterfaceOrientationPortraitUpsideDown UIInterfaceOrientationLandscapeLeft UIInterfaceOrientationLandscapeRight";
				LD_RUNPATH_SEARCH_PATHS = (
					"$(inherited)",
					"@executable_path/Frameworks",
				);
				MARKETING_VERSION = 1.0;
				PRODUCT_BUNDLE_IDENTIFIER = com.mrnoh99.PlaceCards;
				PRODUCT_NAME = "$(TARGET_NAME)";
				SWIFT_EMIT_LOC_STRINGS = YES;
				SWIFT_VERSION = 5.0;
				TARGETED_DEVICE_FAMILY = "1,2";
			};
			name = Debug;
		};
		690EAB195D39F0CE01CC3CE6 /* Release */ = {
			isa = XCBuildConfiguration;
			buildSettings = {
				ASSETCATALOG_COMPILER_APPICON_NAME = AppIcon;
				ASSETCATALOG_COMPILER_GLOBAL_ACCENT_COLOR_NAME = AccentColor;
				CODE_SIGN_STYLE = Automatic;
				CURRENT_PROJECT_VERSION = 1;
				DEVELOPMENT_ASSET_PATHS = "\"PlaceCards/Preview Content\"";
				ENABLE_PREVIEWS = YES;
				GENERATE_INFOPLIST_FILE = YES;
				INFOPLIST_KEY_CFBundleDisplayName = PlaceCards;
				INFOPLIST_KEY_UIApplicationSceneManifest_Generation = YES;
				INFOPLIST_KEY_UIApplicationSupportsIndirectInputEvents = YES;
				INFOPLIST_KEY_UILaunchScreen_Generation = YES;
				INFOPLIST_KEY_UISupportedInterfaceOrientations = "UIInterfaceOrientationPortrait UIInterfaceOrientationLandscapeLeft UIInterfaceOrientationLandscapeRight";
				INFOPLIST_KEY_UISupportedInterfaceOrientations_iPad = "UIInterfaceOrientationPortrait UIInterfaceOrientationPortraitUpsideDown UIInterfaceOrientationLandscapeLeft UIInterfaceOrientationLandscapeRight";
				LD_RUNPATH_SEARCH_PATHS = (
					"$(inherited)",
					"@executable_path/Frameworks",
				);
				MARKETING_VERSION = 1.0;
				PRODUCT_BUNDLE_IDENTIFIER = com.mrnoh99.PlaceCards;
				PRODUCT_NAME = "$(TARGET_NAME)";
				SWIFT_EMIT_LOC_STRINGS = YES;
				SWIFT_VERSION = 5.0;
				TARGETED_DEVICE_FAMILY = "1,2";
			};
			name = Release;
		};
/* End XCBuildConfiguration section */

/* Begin XCConfigurationList section */
		9DBBDF6DED3C8198CA235E77 /* Build configuration list for PBXProject "PlaceCards" */ = {
			isa = XCConfigurationList;
			buildConfigurations = (
				1C58F8E93B8CF4FA58FC924A /* Debug */,
				60025777A09B0E3E161546F9 /* Release */,
			);
			defaultConfigurationIsVisible = 0;
			defaultConfigurationName = Release;
		};
		45A0420C93260F97B6773088 /* Build configuration list for PBXNativeTarget "PlaceCards" */ = {
			isa = XCConfigurationList;
			buildConfigurations = (
				4C4EF000386BD8D4AE266E5B /* Debug */,
				690EAB195D39F0CE01CC3CE6 /* Release */,
			);
			defaultConfigurationIsVisible = 0;
			defaultConfigurationName = Release;
		};
/* End XCConfigurationList section */
	};
	rootObject = F57F2C7044D210C459559737 /* Project object */;
}
